
Microsoft Visual Studio Solution File, Format Version 12.00
# Visual Studio Version 17
VisualStudioVersion = 17.5.002.0
MinimumVisualStudioVersion = 10.0.40219.1
Project("{9A19103F-16F7-4668-BE54-9A1E7A4F7556}") = "Final", "Final\Final.csproj", "{7786DD2C-75A4-4700-B2DC-DE8461E62FBE}"
EndProject
Project("{9A19103F-16F7-4668-BE54-9A1E7A4F7556}") = "Starter", "Starter\Starter.csproj", "{516FD748-89E7-4FB9-848F-8D44A16E5196}"
EndProject
Global
	GlobalSection(SolutionConfigurationPlatforms) = preSolution
		Debug|Any CPU = Debug|Any CPU
		Release|Any CPU = Release|Any CPU
	EndGlobalSection
	GlobalSection(ProjectConfigurationPlatforms) = postSolution
		{7786DD2C-75A4-4700-B2DC-DE8461E62FBE}.Debug|Any CPU.ActiveCfg = Debug|Any CPU
		{7786DD2C-75A4-4700-B2DC-DE8461E62FBE}.Debug|Any CPU.Build.0 = Debug|Any CPU
		{7786DD2C-75A4-4700-B2DC-DE8461E62FBE}.Release|Any CPU.ActiveCfg = Release|Any CPU
		{7786DD2C-75A4-4700-B2DC-DE8461E62FBE}.Release|Any CPU.Build.0 = Release|Any CPU
		{516FD748-89E7-4FB9-848F-8D44A16E5196}.Debug|Any CPU.ActiveCfg = Debug|Any CPU
		{516FD748-89E7-4FB9-848F-8D44A16E5196}.Debug|Any CPU.Build.0 = Debug|Any CPU
		{516FD748-89E7-4FB9-848F-8D44A16E5196}.Release|Any CPU.ActiveCfg = Release|Any CPU
		{516FD748-89E7-4FB9-848F-8D44A16E5196}.Release|Any CPU.Build.0 = Release|Any CPU
	EndGlobalSection
	GlobalSection(SolutionProperties) = preSolution
		HideSolutionNode = FALSE
	EndGlobalSection
	GlobalSection(ExtensibilityGlobals) = postSolution
		SolutionGuid = {F0BAE568-5732-40E4-AB75-08F1B59CD788}
	EndGlobalSection
EndGlobal
