
Microsoft Visual Studio Solution File, Format Version 12.00
# Visual Studio Version 17
VisualStudioVersion = 17.5.002.0
MinimumVisualStudioVersion = 10.0.40219.1
Project("{9A19103F-16F7-4668-BE54-9A1E7A4F7556}") = "Final", "Final\Final.csproj", "{C2C64626-B7CA-4F8D-B55C-351B83B1438B}"
EndProject
Project("{9A19103F-16F7-4668-BE54-9A1E7A4F7556}") = "Starter", "Starter\Starter.csproj", "{18B0BE5C-6D25-4D25-A226-F217355C17CA}"
EndProject
Global
	GlobalSection(SolutionConfigurationPlatforms) = preSolution
		Debug|Any CPU = Debug|Any CPU
		Release|Any CPU = Release|Any CPU
	EndGlobalSection
	GlobalSection(ProjectConfigurationPlatforms) = postSolution
		{C2C64626-B7CA-4F8D-B55C-351B83B1438B}.Debug|Any CPU.ActiveCfg = Debug|Any CPU
		{C2C64626-B7CA-4F8D-B55C-351B83B1438B}.Debug|Any CPU.Build.0 = Debug|Any CPU
		{C2C64626-B7CA-4F8D-B55C-351B83B1438B}.Release|Any CPU.ActiveCfg = Release|Any CPU
		{C2C64626-B7CA-4F8D-B55C-351B83B1438B}.Release|Any CPU.Build.0 = Release|Any CPU
		{18B0BE5C-6D25-4D25-A226-F217355C17CA}.Debug|Any CPU.ActiveCfg = Debug|Any CPU
		{18B0BE5C-6D25-4D25-A226-F217355C17CA}.Debug|Any CPU.Build.0 = Debug|Any CPU
		{18B0BE5C-6D25-4D25-A226-F217355C17CA}.Release|Any CPU.ActiveCfg = Release|Any CPU
		{18B0BE5C-6D25-4D25-A226-F217355C17CA}.Release|Any CPU.Build.0 = Release|Any CPU
	EndGlobalSection
	GlobalSection(SolutionProperties) = preSolution
		HideSolutionNode = FALSE
	EndGlobalSection
	GlobalSection(ExtensibilityGlobals) = postSolution
		SolutionGuid = {E32875C4-FA23-4F45-B679-80AF0F1437C7}
	EndGlobalSection
EndGlobal
