
Microsoft Visual Studio Solution File, Format Version 12.00
# Visual Studio Version 17
VisualStudioVersion = 17.5.002.0
MinimumVisualStudioVersion = 10.0.40219.1
Project("{9A19103F-16F7-4668-BE54-9A1E7A4F7556}") = "Final", "Final\Final.csproj", "{787FC341-A22C-40F8-8439-779F278B4483}"
EndProject
Project("{9A19103F-16F7-4668-BE54-9A1E7A4F7556}") = "Starter", "Starter\Starter.csproj", "{23DE8302-9C06-413E-AA40-1B4B3EBEE496}"
EndProject
Global
	GlobalSection(SolutionConfigurationPlatforms) = preSolution
		Debug|Any CPU = Debug|Any CPU
		Release|Any CPU = Release|Any CPU
	EndGlobalSection
	GlobalSection(ProjectConfigurationPlatforms) = postSolution
		{787FC341-A22C-40F8-8439-779F278B4483}.Debug|Any CPU.ActiveCfg = Debug|Any CPU
		{787FC341-A22C-40F8-8439-779F278B4483}.Debug|Any CPU.Build.0 = Debug|Any CPU
		{787FC341-A22C-40F8-8439-779F278B4483}.Release|Any CPU.ActiveCfg = Release|Any CPU
		{787FC341-A22C-40F8-8439-779F278B4483}.Release|Any CPU.Build.0 = Release|Any CPU
		{23DE8302-9C06-413E-AA40-1B4B3EBEE496}.Debug|Any CPU.ActiveCfg = Debug|Any CPU
		{23DE8302-9C06-413E-AA40-1B4B3EBEE496}.Debug|Any CPU.Build.0 = Debug|Any CPU
		{23DE8302-9C06-413E-AA40-1B4B3EBEE496}.Release|Any CPU.ActiveCfg = Release|Any CPU
		{23DE8302-9C06-413E-AA40-1B4B3EBEE496}.Release|Any CPU.Build.0 = Release|Any CPU
	EndGlobalSection
	GlobalSection(SolutionProperties) = preSolution
		HideSolutionNode = FALSE
	EndGlobalSection
	GlobalSection(ExtensibilityGlobals) = postSolution
		SolutionGuid = {580EDB43-9163-40D7-AC51-AF396AEDE5AB}
	EndGlobalSection
EndGlobal
